// !$*UTF8*$!
{
	archiveVersion = 1;
	classes = {
	};
	objectVersion = 55;
	objects = {

/* Begin PBXBuildFile section */
		767523F8286E283900751BEB /* Extentions.swift in Sources */ = {isa = PBXBuildFile; fileRef = 767523F7286E283900751BEB /* Extentions.swift */; };
		768463C3286D8625009423A8 /* CollectionViewCell.swift in Sources */ = {isa = PBXBuildFile; fileRef = 768463C2286D8625009423A8 /* CollectionViewCell.swift */; };
		768463C5286D8FCF009423A8 /* FavoriteViewController.swift in Sources */ = {isa = PBXBuildFile; fileRef = 768463C4286D8FCF009423A8 /* FavoriteViewController.swift */; };
		768463C7286D916D009423A8 /* FavoriteCollectionViewCell.swift in Sources */ = {isa = PBXBuildFile; fileRef = 768463C6286D916D009423A8 /* FavoriteCollectionViewCell.swift */; };
		768463CB286DC080009423A8 /* FavViewController.swift in Sources */ = {isa = PBXBuildFile; fileRef = 768463CA286DC080009423A8 /* FavViewController.swift */; };
		768463CD286DC15E009423A8 /* SettingsViewController.swift in Sources */ = {isa = PBXBuildFile; fileRef = 768463CC286DC15E009423A8 /* SettingsViewController.swift */; };
		B7D13276286B92C4000CCA59 /* AppDelegate.swift in Sources */ = {isa = PBXBuildFile; fileRef = B7D13275286B92C4000CCA59 /* AppDelegate.swift */; };
		B7D13278286B92C4000CCA59 /* SceneDelegate.swift in Sources */ = {isa = PBXBuildFile; fileRef = B7D13277286B92C4000CCA59 /* SceneDelegate.swift */; };
		B7D1327A286B92C4000CCA59 /* ViewController.swift in Sources */ = {isa = PBXBuildFile; fileRef = B7D13279286B92C4000CCA59 /* ViewController.swift */; };
		B7D1327D286B92C4000CCA59 /* Main.storyboard in Resources */ = {isa = PBXBuildFile; fileRef = B7D1327B286B92C4000CCA59 /* Main.storyboard */; };
		B7D1327F286B92C7000CCA59 /* Assets.xcassets in Resources */ = {isa = PBXBuildFile; fileRef = B7D1327E286B92C7000CCA59 /* Assets.xcassets */; };
		B7D13282286B92C7000CCA59 /* LaunchScreen.storyboard in Resources */ = {isa = PBXBuildFile; fileRef = B7D13280286B92C7000CCA59 /* LaunchScreen.storyboard */; };
		B7D1328A286B9ADE000CCA59 /* TableviewCellController.swift in Sources */ = {isa = PBXBuildFile; fileRef = B7D13289286B9ADE000CCA59 /* TableviewCellController.swift */; };
		B7D1328C286BB22E000CCA59 /* FullScreenViewController.swift in Sources */ = {isa = PBXBuildFile; fileRef = B7D1328B286BB22E000CCA59 /* FullScreenViewController.swift */; };
/* End PBXBuildFile section */

/* Begin PBXFileReference section */
		767523F7286E283900751BEB /* Extentions.swift */ = {isa = PBXFileReference; lastKnownFileType = sourcecode.swift; path = Extentions.swift; sourceTree = "<group>"; };
		768463C2286D8625009423A8 /* CollectionViewCell.swift */ = {isa = PBXFileReference; lastKnownFileType = sourcecode.swift; path = CollectionViewCell.swift; sourceTree = "<group>"; };
		768463C4286D8FCF009423A8 /* FavoriteViewController.swift */ = {isa = PBXFileReference; lastKnownFileType = sourcecode.swift; path = FavoriteViewController.swift; sourceTree = "<group>"; };
		768463C6286D916D009423A8 /* FavoriteCollectionViewCell.swift */ = {isa = PBXFileReference; lastKnownFileType = sourcecode.swift; path = FavoriteCollectionViewCell.swift; sourceTree = "<group>"; };
		768463CA286DC080009423A8 /* FavViewController.swift */ = {isa = PBXFileReference; lastKnownFileType = sourcecode.swift; path = FavViewController.swift; sourceTree = "<group>"; };
		768463CC286DC15E009423A8 /* SettingsViewController.swift */ = {isa = PBXFileReference; lastKnownFileType = sourcecode.swift; path = SettingsViewController.swift; sourceTree = "<group>"; };
		B7D13272286B92C4000CCA59 /* IslamicWallpaper.app */ = {isa = PBXFileReference; explicitFileType = wrapper.application; includeInIndex = 0; path = IslamicWallpaper.app; sourceTree = BUILT_PRODUCTS_DIR; };
		B7D13275286B92C4000CCA59 /* AppDelegate.swift */ = {isa = PBXFileReference; lastKnownFileType = sourcecode.swift; path = AppDelegate.swift; sourceTree = "<group>"; };
		B7D13277286B92C4000CCA59 /* SceneDelegate.swift */ = {isa = PBXFileReference; lastKnownFileType = sourcecode.swift; path = SceneDelegate.swift; sourceTree = "<group>"; };
		B7D13279286B92C4000CCA59 /* ViewController.swift */ = {isa = PBXFileReference; lastKnownFileType = sourcecode.swift; path = ViewController.swift; sourceTree = "<group>"; };
		B7D1327C286B92C4000CCA59 /* Base */ = {isa = PBXFileReference; lastKnownFileType = file.storyboard; name = Base; path = Base.lproj/Main.storyboard; sourceTree = "<group>"; };
		B7D1327E286B92C7000CCA59 /* Assets.xcassets */ = {isa = PBXFileReference; lastKnownFileType = folder.assetcatalog; path = Assets.xcassets; sourceTree = "<group>"; };
		B7D13281286B92C7000CCA59 /* Base */ = {isa = PBXFileReference; lastKnownFileType = file.storyboard; name = Base; path = Base.lproj/LaunchScreen.storyboard; sourceTree = "<group>"; };
		B7D13283286B92C7000CCA59 /* Info.plist */ = {isa = PBXFileReference; lastKnownFileType = text.plist.xml; path = Info.plist; sourceTree = "<group>"; };
		B7D13289286B9ADE000CCA59 /* TableviewCellController.swift */ = {isa = PBXFileReference; lastKnownFileType = sourcecode.swift; path = TableviewCellController.swift; sourceTree = "<group>"; };
		B7D1328B286BB22E000CCA59 /* FullScreenViewController.swift */ = {isa = PBXFileReference; lastKnownFileType = sourcecode.swift; path = FullScreenViewController.swift; sourceTree = "<group>"; };
/* End PBXFileReference section */

/* Begin PBXFrameworksBuildPhase section */
		B7D1326F286B92C4000CCA59 /* Frameworks */ = {
			isa = PBXFrameworksBuildPhase;
			buildActionMask = 2147483647;
			files = (
			);
			runOnlyForDeploymentPostprocessing = 0;
		};
/* End PBXFrameworksBuildPhase section */

/* Begin PBXGroup section */
		768463C8286DA6A9009423A8 /* Catagory */ = {
			isa = PBXGroup;
			children = (
				768463C4286D8FCF009423A8 /* FavoriteViewController.swift */,
				768463C6286D916D009423A8 /* FavoriteCollectionViewCell.swift */,
			);
			path = Catagory;
			sourceTree = "<group>";
		};
		768463C9286DA6C0009423A8 /* Home */ = {
			isa = PBXGroup;
			children = (
				B7D13279286B92C4000CCA59 /* ViewController.swift */,
				B7D13289286B9ADE000CCA59 /* TableviewCellController.swift */,
				768463C2286D8625009423A8 /* CollectionViewCell.swift */,
			);
			path = Home;
			sourceTree = "<group>";
		};
		B7D13269286B92C4000CCA59 = {
			isa = PBXGroup;
			children = (
				B7D13274286B92C4000CCA59 /* IslamicWallpaper */,
				B7D13273286B92C4000CCA59 /* Products */,
			);
			sourceTree = "<group>";
		};
		B7D13273286B92C4000CCA59 /* Products */ = {
			isa = PBXGroup;
			children = (
				B7D13272286B92C4000CCA59 /* IslamicWallpaper.app */,
			);
			name = Products;
			sourceTree = "<group>";
		};
		B7D13274286B92C4000CCA59 /* IslamicWallpaper */ = {
			isa = PBXGroup;
			children = (
				B7D13275286B92C4000CCA59 /* AppDelegate.swift */,
				B7D13277286B92C4000CCA59 /* SceneDelegate.swift */,
				B7D1328B286BB22E000CCA59 /* FullScreenViewController.swift */,
				767523F7286E283900751BEB /* Extentions.swift */,
				768463CC286DC15E009423A8 /* SettingsViewController.swift */,
				768463CA286DC080009423A8 /* FavViewController.swift */,
				768463C9286DA6C0009423A8 /* Home */,
				768463C8286DA6A9009423A8 /* Catagory */,
				B7D1327B286B92C4000CCA59 /* Main.storyboard */,
				B7D1327E286B92C7000CCA59 /* Assets.xcassets */,
				B7D13280286B92C7000CCA59 /* LaunchScreen.storyboard */,
				B7D13283286B92C7000CCA59 /* Info.plist */,
			);
			path = IslamicWallpaper;
			sourceTree = "<group>";
		};
/* End PBXGroup section */

/* Begin PBXNativeTarget section */
		B7D13271286B92C4000CCA59 /* IslamicWallpaper */ = {
			isa = PBXNativeTarget;
			buildConfigurationList = B7D13286286B92C7000CCA59 /* Build configuration list for PBXNativeTarget "IslamicWallpaper" */;
			buildPhases = (
				B7D1326E286B92C4000CCA59 /* Sources */,
				B7D1326F286B92C4000CCA59 /* Frameworks */,
				B7D13270286B92C4000CCA59 /* Resources */,
			);
			buildRules = (
			);
			dependencies = (
			);
			name = IslamicWallpaper;
			productName = IslamicWallpaper;
			productReference = B7D13272286B92C4000CCA59 /* IslamicWallpaper.app */;
			productType = "com.apple.product-type.application";
		};
/* End PBXNativeTarget section */

/* Begin PBXProject section */
		B7D1326A286B92C4000CCA59 /* Project object */ = {
			isa = PBXProject;
			attributes = {
				BuildIndependentTargetsInParallel = 1;
				LastSwiftUpdateCheck = 1340;
				LastUpgradeCheck = 1340;
				TargetAttributes = {
					B7D13271286B92C4000CCA59 = {
						CreatedOnToolsVersion = 13.4.1;
					};
				};
			};
			buildConfigurationList = B7D1326D286B92C4000CCA59 /* Build configuration list for PBXProject "IslamicWallpaper" */;
			compatibilityVersion = "Xcode 13.0";
			developmentRegion = en;
			hasScannedForEncodings = 0;
			knownRegions = (
				en,
				Base,
			);
			mainGroup = B7D13269286B92C4000CCA59;
			productRefGroup = B7D13273286B92C4000CCA59 /* Products */;
			projectDirPath = "";
			projectRoot = "";
			targets = (
				B7D13271286B92C4000CCA59 /* IslamicWallpaper */,
			);
		};
/* End PBXProject section */

/* Begin PBXResourcesBuildPhase section */
		B7D13270286B92C4000CCA59 /* Resources */ = {
			isa = PBXResourcesBuildPhase;
			buildActionMask = 2147483647;
			files = (
				B7D13282286B92C7000CCA59 /* LaunchScreen.storyboard in Resources */,
				B7D1327F286B92C7000CCA59 /* Assets.xcassets in Resources */,
				B7D1327D286B92C4000CCA59 /* Main.storyboard in Resources */,
			);
			runOnlyForDeploymentPostprocessing = 0;
		};
/* End PBXResourcesBuildPhase section */

/* Begin PBXSourcesBuildPhase section */
		B7D1326E286B92C4000CCA59 /* Sources */ = {
			isa = PBXSourcesBuildPhase;
			buildActionMask = 2147483647;
			files = (
				B7D1328C286BB22E000CCA59 /* FullScreenViewController.swift in Sources */,
				B7D1327A286B92C4000CCA59 /* ViewController.swift in Sources */,
				768463C3286D8625009423A8 /* CollectionViewCell.swift in Sources */,
				767523F8286E283900751BEB /* Extentions.swift in Sources */,
				768463CD286DC15E009423A8 /* SettingsViewController.swift in Sources */,
				768463CB286DC080009423A8 /* FavViewController.swift in Sources */,
				768463C5286D8FCF009423A8 /* FavoriteViewController.swift in Sources */,
				768463C7286D916D009423A8 /* FavoriteCollectionViewCell.swift in Sources */,
				B7D13276286B92C4000CCA59 /* AppDelegate.swift in Sources */,
				B7D13278286B92C4000CCA59 /* SceneDelegate.swift in Sources */,
				B7D1328A286B9ADE000CCA59 /* TableviewCellController.swift in Sources */,
			);
			runOnlyForDeploymentPostprocessing = 0;
		};
/* End PBXSourcesBuildPhase section */

/* Begin PBXVariantGroup section */
		B7D1327B286B92C4000CCA59 /* Main.storyboard */ = {
			isa = PBXVariantGroup;
			children = (
				B7D1327C286B92C4000CCA59 /* Base */,
			);
			name = Main.storyboard;
			sourceTree = "<group>";
		};
		B7D13280286B92C7000CCA59 /* LaunchScreen.storyboard */ = {
			isa = PBXVariantGroup;
			children = (
				B7D13281286B92C7000CCA59 /* Base */,
			);
			name = LaunchScreen.storyboard;
			sourceTree = "<group>";
		};
/* End PBXVariantGroup section */

/* Begin XCBuildConfiguration section */
		B7D13284286B92C7000CCA59 /* Debug */ = {
			isa = XCBuildConfiguration;
			buildSettings = {
				ALWAYS_SEARCH_USER_PATHS = NO;
				CLANG_ANALYZER_NONNULL = YES;
				CLANG_ANALYZER_NUMBER_OBJECT_CONVERSION = YES_AGGRESSIVE;
				CLANG_CXX_LANGUAGE_STANDARD = "gnu++17";
				CLANG_ENABLE_MODULES = YES;
				CLANG_ENABLE_OBJC_ARC = YES;
				CLANG_ENABLE_OBJC_WEAK = YES;
				CLANG_WARN_BLOCK_CAPTURE_AUTORELEASING = YES;
				CLANG_WARN_BOOL_CONVERSION = YES;
				CLANG_WARN_COMMA = YES;
				CLANG_WARN_CONSTANT_CONVERSION = YES;
				CLANG_WARN_DEPRECATED_OBJC_IMPLEMENTATIONS = YES;
				CLANG_WARN_DIRECT_OBJC_ISA_USAGE = YES_ERROR;
				CLANG_WARN_DOCUMENTATION_COMMENTS = YES;
				CLANG_WARN_EMPTY_BODY = YES;
				CLANG_WARN_ENUM_CONVERSION = YES;
				CLANG_WARN_INFINITE_RECURSION = YES;
				CLANG_WARN_INT_CONVERSION = YES;
				CLANG_WARN_NON_LITERAL_NULL_CONVERSION = YES;
				CLANG_WARN_OBJC_IMPLICIT_RETAIN_SELF = YES;
				CLANG_WARN_OBJC_LITERAL_CONVERSION = YES;
				CLANG_WARN_OBJC_ROOT_CLASS = YES_ERROR;
				CLANG_WARN_QUOTED_INCLUDE_IN_FRAMEWORK_HEADER = YES;
				CLANG_WARN_RANGE_LOOP_ANALYSIS = YES;
				CLANG_WARN_STRICT_PROTOTYPES = YES;
				CLANG_WARN_SUSPICIOUS_MOVE = YES;
				CLANG_WARN_UNGUARDED_AVAILABILITY = YES_AGGRESSIVE;
				CLANG_WARN_UNREACHABLE_CODE = YES;
				CLANG_WARN__DUPLICATE_METHOD_MATCH = YES;
				COPY_PHASE_STRIP = NO;
				DEBUG_INFORMATION_FORMAT = dwarf;
				ENABLE_STRICT_OBJC_MSGSEND = YES;
				ENABLE_TESTABILITY = YES;
				GCC_C_LANGUAGE_STANDARD = gnu11;
				GCC_DYNAMIC_NO_PIC = NO;
				GCC_NO_COMMON_BLOCKS = YES;
				GCC_OPTIMIZATION_LEVEL = 0;
				GCC_PREPROCESSOR_DEFINITIONS = (
					"DEBUG=1",
					"$(inherited)",
				);
				GCC_WARN_64_TO_32_BIT_CONVERSION = YES;
				GCC_WARN_ABOUT_RETURN_TYPE = YES_ERROR;
				GCC_WARN_UNDECLARED_SELECTOR = YES;
				GCC_WARN_UNINITIALIZED_AUTOS = YES_AGGRESSIVE;
				GCC_WARN_UNUSED_FUNCTION = YES;
				GCC_WARN_UNUSED_VARIABLE = YES;
				IPHONEOS_DEPLOYMENT_TARGET = 15.5;
				MTL_ENABLE_DEBUG_INFO = INCLUDE_SOURCE;
				MTL_FAST_MATH = YES;
				ONLY_ACTIVE_ARCH = YES;
				SDKROOT = iphoneos;
				SWIFT_ACTIVE_COMPILATION_CONDITIONS = DEBUG;
				SWIFT_OPTIMIZATION_LEVEL = "-Onone";
			};
			name = Debug;
		};
		B7D13285286B92C7000CCA59 /* Release */ = {
			isa = XCBuildConfiguration;
			buildSettings = {
				ALWAYS_SEARCH_USER_PATHS = NO;
				CLANG_ANALYZER_NONNULL = YES;
				CLANG_ANALYZER_NUMBER_OBJECT_CONVERSION = YES_AGGRESSIVE;
				CLANG_CXX_LANGUAGE_STANDARD = "gnu++17";
				CLANG_ENABLE_MODULES = YES;
				CLANG_ENABLE_OBJC_ARC = YES;
				CLANG_ENABLE_OBJC_WEAK = YES;
				CLANG_WARN_BLOCK_CAPTURE_AUTORELEASING = YES;
				CLANG_WARN_BOOL_CONVERSION = YES;
				CLANG_WARN_COMMA = YES;
				CLANG_WARN_CONSTANT_CONVERSION = YES;
				CLANG_WARN_DEPRECATED_OBJC_IMPLEMENTATIONS = YES;
				CLANG_WARN_DIRECT_OBJC_ISA_USAGE = YES_ERROR;
				CLANG_WARN_DOCUMENTATION_COMMENTS = YES;
				CLANG_WARN_EMPTY_BODY = YES;
				CLANG_WARN_ENUM_CONVERSION = YES;
				CLANG_WARN_INFINITE_RECURSION = YES;
				CLANG_WARN_INT_CONVERSION = YES;
				CLANG_WARN_NON_LITERAL_NULL_CONVERSION = YES;
				CLANG_WARN_OBJC_IMPLICIT_RETAIN_SELF = YES;
				CLANG_WARN_OBJC_LITERAL_CONVERSION = YES;
				CLANG_WARN_OBJC_ROOT_CLASS = YES_ERROR;
				CLANG_WARN_QUOTED_INCLUDE_IN_FRAMEWORK_HEADER = YES;
				CLANG_WARN_RANGE_LOOP_ANALYSIS = YES;
				CLANG_WARN_STRICT_PROTOTYPES = YES;
				CLANG_WARN_SUSPICIOUS_MOVE = YES;
				CLANG_WARN_UNGUARDED_AVAILABILITY = YES_AGGRESSIVE;
				CLANG_WARN_UNREACHABLE_CODE = YES;
				CLANG_WARN__DUPLICATE_METHOD_MATCH = YES;
				COPY_PHASE_STRIP = NO;
				DEBUG_INFORMATION_FORMAT = "dwarf-with-dsym";
				ENABLE_NS_ASSERTIONS = NO;
				ENABLE_STRICT_OBJC_MSGSEND = YES;
				GCC_C_LANGUAGE_STANDARD = gnu11;
				GCC_NO_COMMON_BLOCKS = YES;
				GCC_WARN_64_TO_32_BIT_CONVERSION = YES;
				GCC_WARN_ABOUT_RETURN_TYPE = YES_ERROR;
				GCC_WARN_UNDECLARED_SELECTOR = YES;
				GCC_WARN_UNINITIALIZED_AUTOS = YES_AGGRESSIVE;
				GCC_WARN_UNUSED_FUNCTION = YES;
				GCC_WARN_UNUSED_VARIABLE = YES;
				IPHONEOS_DEPLOYMENT_TARGET = 15.5;
				MTL_ENABLE_DEBUG_INFO = NO;
				MTL_FAST_MATH = YES;
				SDKROOT = iphoneos;
				SWIFT_COMPILATION_MODE = wholemodule;
				SWIFT_OPTIMIZATION_LEVEL = "-O";
				VALIDATE_PRODUCT = YES;
			};
			name = Release;
		};
		B7D13287286B92C7000CCA59 /* Debug */ = {
			isa = XCBuildConfiguration;
			buildSettings = {
				ASSETCATALOG_COMPILER_APPICON_NAME = AppIcon;
				ASSETCATALOG_COMPILER_GLOBAL_ACCENT_COLOR_NAME = AccentColor;
				CODE_SIGN_STYLE = Automatic;
				CURRENT_PROJECT_VERSION = 1;
				DEVELOPMENT_TEAM = PCV3VLUN64;
				GENERATE_INFOPLIST_FILE = YES;
				INFOPLIST_FILE = IslamicWallpaper/Info.plist;
				INFOPLIST_KEY_UIApplicationSupportsIndirectInputEvents = YES;
				INFOPLIST_KEY_UILaunchStoryboardName = LaunchScreen;
				INFOPLIST_KEY_UIMainStoryboardFile = Main;
				INFOPLIST_KEY_UISupportedInterfaceOrientations_iPad = "UIInterfaceOrientationPortrait UIInterfaceOrientationPortraitUpsideDown UIInterfaceOrientationLandscapeLeft UIInterfaceOrientationLandscapeRight";
				INFOPLIST_KEY_UISupportedInterfaceOrientations_iPhone = "UIInterfaceOrientationPortrait UIInterfaceOrientationLandscapeLeft UIInterfaceOrientationLandscapeRight";
				LD_RUNPATH_SEARCH_PATHS = (
					"$(inherited)",
					"@executable_path/Frameworks",
				);
				MARKETING_VERSION = 1.0;
				PRODUCT_BUNDLE_IDENTIFIER = com.hocan.IslamicWallpaper;
				PRODUCT_NAME = "$(TARGET_NAME)";
				SWIFT_EMIT_LOC_STRINGS = YES;
				SWIFT_VERSION = 5.0;
				TARGETED_DEVICE_FAMILY = "1,2";
			};
			name = Debug;
		};
		B7D13288286B92C7000CCA59 /* Release */ = {
			isa = XCBuildConfiguration;
			buildSettings = {
				ASSETCATALOG_COMPILER_APPICON_NAME = AppIcon;
				ASSETCATALOG_COMPILER_GLOBAL_ACCENT_COLOR_NAME = AccentColor;
				CODE_SIGN_STYLE = Automatic;
				CURRENT_PROJECT_VERSION = 1;
				DEVELOPMENT_TEAM = PCV3VLUN64;
				GENERATE_INFOPLIST_FILE = YES;
				INFOPLIST_FILE = IslamicWallpaper/Info.plist;
				INFOPLIST_KEY_UIApplicationSupportsIndirectInputEvents = YES;
				INFOPLIST_KEY_UILaunchStoryboardName = LaunchScreen;
				INFOPLIST_KEY_UIMainStoryboardFile = Main;
				INFOPLIST_KEY_UISupportedInterfaceOrientations_iPad = "UIInterfaceOrientationPortrait UIInterfaceOrientationPortraitUpsideDown UIInterfaceOrientationLandscapeLeft UIInterfaceOrientationLandscapeRight";
				INFOPLIST_KEY_UISupportedInterfaceOrientations_iPhone = "UIInterfaceOrientationPortrait UIInterfaceOrientationLandscapeLeft UIInterfaceOrientationLandscapeRight";
				LD_RUNPATH_SEARCH_PATHS = (
					"$(inherited)",
					"@executable_path/Frameworks",
				);
				MARKETING_VERSION = 1.0;
				PRODUCT_BUNDLE_IDENTIFIER = com.hocan.IslamicWallpaper;
				PRODUCT_NAME = "$(TARGET_NAME)";
				SWIFT_EMIT_LOC_STRINGS = YES;
				SWIFT_VERSION = 5.0;
				TARGETED_DEVICE_FAMILY = "1,2";
			};
			name = Release;
		};
/* End XCBuildConfiguration section */

/* Begin XCConfigurationList section */
		B7D1326D286B92C4000CCA59 /* Build configuration list for PBXProject "IslamicWallpaper" */ = {
			isa = XCConfigurationList;
			buildConfigurations = (
				B7D13284286B92C7000CCA59 /* Debug */,
				B7D13285286B92C7000CCA59 /* Release */,
			);
			defaultConfigurationIsVisible = 0;
			defaultConfigurationName = Release;
		};
		B7D13286286B92C7000CCA59 /* Build configuration list for PBXNativeTarget "IslamicWallpaper" */ = {
			isa = XCConfigurationList;
			buildConfigurations = (
				B7D13287286B92C7000CCA59 /* Debug */,
				B7D13288286B92C7000CCA59 /* Release */,
			);
			defaultConfigurationIsVisible = 0;
			defaultConfigurationName = Release;
		};
/* End XCConfigurationList section */
	};
	rootObject = B7D1326A286B92C4000CCA59 /* Project object */;
}
