// !$*UTF8*$!
{
	archiveVersion = 1;
	classes = {
	};
	objectVersion = 55;
	objects = {

/* Begin PBXBuildFile section */
		761AD3CA2873089800136164 /* swipe.json in Resources */ = {isa = PBXBuildFile; fileRef = 761AD3C92873089800136164 /* swipe.json */; };
		763CA69728708F4200981861 /* Cera Pro Bold.ttf in Resources */ = {isa = PBXBuildFile; fileRef = 763CA69628708F4200981861 /* Cera Pro Bold.ttf */; };
		763CA69928708F5300981861 /* Cera Pro Medium.ttf in Resources */ = {isa = PBXBuildFile; fileRef = 763CA69828708F5300981861 /* Cera Pro Medium.ttf */; };
		763CA69B2870995E00981861 /* LanguageSelectionViewController.swift in Sources */ = {isa = PBXBuildFile; fileRef = 763CA69A2870995E00981861 /* LanguageSelectionViewController.swift */; };
		763CA69D28709EA500981861 /* LangTableViewCell.swift in Sources */ = {isa = PBXBuildFile; fileRef = 763CA69C28709EA500981861 /* LangTableViewCell.swift */; };
		763CA69F2870B0B600981861 /* LanguageHelper.swift in Sources */ = {isa = PBXBuildFile; fileRef = 763CA69E2870B0B600981861 /* LanguageHelper.swift */; };
		76518792287782150098A1B2 /* like.json in Resources */ = {isa = PBXBuildFile; fileRef = 76518791287782150098A1B2 /* like.json */; };
		767523F8286E283900751BEB /* Extentions.swift in Sources */ = {isa = PBXBuildFile; fileRef = 767523F7286E283900751BEB /* Extentions.swift */; };
		768463C3286D8625009423A8 /* CollectionViewCell.swift in Sources */ = {isa = PBXBuildFile; fileRef = 768463C2286D8625009423A8 /* CollectionViewCell.swift */; };
		768463C5286D8FCF009423A8 /* FavoriteViewController.swift in Sources */ = {isa = PBXBuildFile; fileRef = 768463C4286D8FCF009423A8 /* FavoriteViewController.swift */; };
		768463C7286D916D009423A8 /* FavoriteCollectionViewCell.swift in Sources */ = {isa = PBXBuildFile; fileRef = 768463C6286D916D009423A8 /* FavoriteCollectionViewCell.swift */; };
		768463CB286DC080009423A8 /* FavViewController.swift in Sources */ = {isa = PBXBuildFile; fileRef = 768463CA286DC080009423A8 /* FavViewController.swift */; };
		768463CD286DC15E009423A8 /* SettingsViewController.swift in Sources */ = {isa = PBXBuildFile; fileRef = 768463CC286DC15E009423A8 /* SettingsViewController.swift */; };
		76894503287620F00089066E /* HadisViewController.swift in Sources */ = {isa = PBXBuildFile; fileRef = 76894502287620F00089066E /* HadisViewController.swift */; };
		76894509287629660089066E /* HadisTableViewCell.swift in Sources */ = {isa = PBXBuildFile; fileRef = 76894507287629660089066E /* HadisTableViewCell.swift */; };
		7689450A287629660089066E /* HadisTableViewCell.xib in Resources */ = {isa = PBXBuildFile; fileRef = 76894508287629660089066E /* HadisTableViewCell.xib */; };
		769D41022875CD1A00C3D2E8 /* KibleViewController.swift in Sources */ = {isa = PBXBuildFile; fileRef = 769D41012875CD1A00C3D2E8 /* KibleViewController.swift */; };
		769D41062875D11700C3D2E8 /* LoadingViewController.swift in Sources */ = {isa = PBXBuildFile; fileRef = 769D41052875D11700C3D2E8 /* LoadingViewController.swift */; };
		76BCB9712872DDCF00A216D2 /* download.json in Resources */ = {isa = PBXBuildFile; fileRef = 76BCB9702872DDCF00A216D2 /* download.json */; };
		80A13863417A62319A0ED569 /* Pods_IslamicWallpaper.framework in Frameworks */ = {isa = PBXBuildFile; fileRef = 2ACADB5496D324806BADAF56 /* Pods_IslamicWallpaper.framework */; };
		B7D13276286B92C4000CCA59 /* AppDelegate.swift in Sources */ = {isa = PBXBuildFile; fileRef = B7D13275286B92C4000CCA59 /* AppDelegate.swift */; };
		B7D13278286B92C4000CCA59 /* SceneDelegate.swift in Sources */ = {isa = PBXBuildFile; fileRef = B7D13277286B92C4000CCA59 /* SceneDelegate.swift */; };
		B7D1327A286B92C4000CCA59 /* ViewController.swift in Sources */ = {isa = PBXBuildFile; fileRef = B7D13279286B92C4000CCA59 /* ViewController.swift */; };
		B7D1327D286B92C4000CCA59 /* Main.storyboard in Resources */ = {isa = PBXBuildFile; fileRef = B7D1327B286B92C4000CCA59 /* Main.storyboard */; };
		B7D1327F286B92C7000CCA59 /* Assets.xcassets in Resources */ = {isa = PBXBuildFile; fileRef = B7D1327E286B92C7000CCA59 /* Assets.xcassets */; };
		B7D13282286B92C7000CCA59 /* LaunchScreen.storyboard in Resources */ = {isa = PBXBuildFile; fileRef = B7D13280286B92C7000CCA59 /* LaunchScreen.storyboard */; };
		B7D1328A286B9ADE000CCA59 /* TableviewCellController.swift in Sources */ = {isa = PBXBuildFile; fileRef = B7D13289286B9ADE000CCA59 /* TableviewCellController.swift */; };
		B7D1328C286BB22E000CCA59 /* FullScreenViewController.swift in Sources */ = {isa = PBXBuildFile; fileRef = B7D1328B286BB22E000CCA59 /* FullScreenViewController.swift */; };
/* End PBXBuildFile section */

/* Begin PBXFileReference section */
		2ACADB5496D324806BADAF56 /* Pods_IslamicWallpaper.framework */ = {isa = PBXFileReference; explicitFileType = wrapper.framework; includeInIndex = 0; path = Pods_IslamicWallpaper.framework; sourceTree = BUILT_PRODUCTS_DIR; };
		685C53B8672125F617DA5BF9 /* Pods-IslamicWallpaper.release.xcconfig */ = {isa = PBXFileReference; includeInIndex = 1; lastKnownFileType = text.xcconfig; name = "Pods-IslamicWallpaper.release.xcconfig"; path = "Target Support Files/Pods-IslamicWallpaper/Pods-IslamicWallpaper.release.xcconfig"; sourceTree = "<group>"; };
		761AD3C92873089800136164 /* swipe.json */ = {isa = PBXFileReference; fileEncoding = 4; lastKnownFileType = text.json; path = swipe.json; sourceTree = "<group>"; };
		763CA69628708F4200981861 /* Cera Pro Bold.ttf */ = {isa = PBXFileReference; lastKnownFileType = file; path = "Cera Pro Bold.ttf"; sourceTree = "<group>"; };
		763CA69828708F5300981861 /* Cera Pro Medium.ttf */ = {isa = PBXFileReference; lastKnownFileType = file; path = "Cera Pro Medium.ttf"; sourceTree = "<group>"; };
		763CA69A2870995E00981861 /* LanguageSelectionViewController.swift */ = {isa = PBXFileReference; lastKnownFileType = sourcecode.swift; path = LanguageSelectionViewController.swift; sourceTree = "<group>"; };
		763CA69C28709EA500981861 /* LangTableViewCell.swift */ = {isa = PBXFileReference; lastKnownFileType = sourcecode.swift; path = LangTableViewCell.swift; sourceTree = "<group>"; };
		763CA69E2870B0B600981861 /* LanguageHelper.swift */ = {isa = PBXFileReference; lastKnownFileType = sourcecode.swift; path = LanguageHelper.swift; sourceTree = "<group>"; };
		76518791287782150098A1B2 /* like.json */ = {isa = PBXFileReference; fileEncoding = 4; lastKnownFileType = text.json; path = like.json; sourceTree = "<group>"; };
		767523F7286E283900751BEB /* Extentions.swift */ = {isa = PBXFileReference; lastKnownFileType = sourcecode.swift; path = Extentions.swift; sourceTree = "<group>"; };
		768463C2286D8625009423A8 /* CollectionViewCell.swift */ = {isa = PBXFileReference; lastKnownFileType = sourcecode.swift; path = CollectionViewCell.swift; sourceTree = "<group>"; };
		768463C4286D8FCF009423A8 /* FavoriteViewController.swift */ = {isa = PBXFileReference; lastKnownFileType = sourcecode.swift; path = FavoriteViewController.swift; sourceTree = "<group>"; };
		768463C6286D916D009423A8 /* FavoriteCollectionViewCell.swift */ = {isa = PBXFileReference; lastKnownFileType = sourcecode.swift; path = FavoriteCollectionViewCell.swift; sourceTree = "<group>"; };
		768463CA286DC080009423A8 /* FavViewController.swift */ = {isa = PBXFileReference; lastKnownFileType = sourcecode.swift; path = FavViewController.swift; sourceTree = "<group>"; };
		768463CC286DC15E009423A8 /* SettingsViewController.swift */ = {isa = PBXFileReference; lastKnownFileType = sourcecode.swift; path = SettingsViewController.swift; sourceTree = "<group>"; };
		76894502287620F00089066E /* HadisViewController.swift */ = {isa = PBXFileReference; lastKnownFileType = sourcecode.swift; path = HadisViewController.swift; sourceTree = "<group>"; };
		76894507287629660089066E /* HadisTableViewCell.swift */ = {isa = PBXFileReference; lastKnownFileType = sourcecode.swift; path = HadisTableViewCell.swift; sourceTree = "<group>"; };
		76894508287629660089066E /* HadisTableViewCell.xib */ = {isa = PBXFileReference; lastKnownFileType = file.xib; path = HadisTableViewCell.xib; sourceTree = "<group>"; };
		769D41012875CD1A00C3D2E8 /* KibleViewController.swift */ = {isa = PBXFileReference; lastKnownFileType = sourcecode.swift; path = KibleViewController.swift; sourceTree = "<group>"; };
		769D41052875D11700C3D2E8 /* LoadingViewController.swift */ = {isa = PBXFileReference; lastKnownFileType = sourcecode.swift; path = LoadingViewController.swift; sourceTree = "<group>"; };
		76BCB9702872DDCF00A216D2 /* download.json */ = {isa = PBXFileReference; fileEncoding = 4; lastKnownFileType = text.json; path = download.json; sourceTree = "<group>"; };
		B7D13272286B92C4000CCA59 /* IslamicWallpaper.app */ = {isa = PBXFileReference; explicitFileType = wrapper.application; includeInIndex = 0; path = IslamicWallpaper.app; sourceTree = BUILT_PRODUCTS_DIR; };
		B7D13275286B92C4000CCA59 /* AppDelegate.swift */ = {isa = PBXFileReference; lastKnownFileType = sourcecode.swift; path = AppDelegate.swift; sourceTree = "<group>"; };
		B7D13277286B92C4000CCA59 /* SceneDelegate.swift */ = {isa = PBXFileReference; lastKnownFileType = sourcecode.swift; path = SceneDelegate.swift; sourceTree = "<group>"; };
		B7D13279286B92C4000CCA59 /* ViewController.swift */ = {isa = PBXFileReference; lastKnownFileType = sourcecode.swift; path = ViewController.swift; sourceTree = "<group>"; };
		B7D1327C286B92C4000CCA59 /* Base */ = {isa = PBXFileReference; lastKnownFileType = file.storyboard; name = Base; path = Base.lproj/Main.storyboard; sourceTree = "<group>"; };
		B7D1327E286B92C7000CCA59 /* Assets.xcassets */ = {isa = PBXFileReference; lastKnownFileType = folder.assetcatalog; path = Assets.xcassets; sourceTree = "<group>"; };
		B7D13281286B92C7000CCA59 /* Base */ = {isa = PBXFileReference; lastKnownFileType = file.storyboard; name = Base; path = Base.lproj/LaunchScreen.storyboard; sourceTree = "<group>"; };
		B7D13283286B92C7000CCA59 /* Info.plist */ = {isa = PBXFileReference; lastKnownFileType = text.plist.xml; path = Info.plist; sourceTree = "<group>"; };
		B7D13289286B9ADE000CCA59 /* TableviewCellController.swift */ = {isa = PBXFileReference; lastKnownFileType = sourcecode.swift; path = TableviewCellController.swift; sourceTree = "<group>"; };
		B7D1328B286BB22E000CCA59 /* FullScreenViewController.swift */ = {isa = PBXFileReference; lastKnownFileType = sourcecode.swift; path = FullScreenViewController.swift; sourceTree = "<group>"; };
		D0FE18B951C7A979515AB1C2 /* Pods-IslamicWallpaper.debug.xcconfig */ = {isa = PBXFileReference; includeInIndex = 1; lastKnownFileType = text.xcconfig; name = "Pods-IslamicWallpaper.debug.xcconfig"; path = "Target Support Files/Pods-IslamicWallpaper/Pods-IslamicWallpaper.debug.xcconfig"; sourceTree = "<group>"; };
/* End PBXFileReference section */

/* Begin PBXFrameworksBuildPhase section */
		B7D1326F286B92C4000CCA59 /* Frameworks */ = {
			isa = PBXFrameworksBuildPhase;
			buildActionMask = 2147483647;
			files = (
				80A13863417A62319A0ED569 /* Pods_IslamicWallpaper.framework in Frameworks */,
			);
			runOnlyForDeploymentPostprocessing = 0;
		};
/* End PBXFrameworksBuildPhase section */

/* Begin PBXGroup section */
		763CA69528708E9E00981861 /* Fonts */ = {
			isa = PBXGroup;
			children = (
				763CA69828708F5300981861 /* Cera Pro Medium.ttf */,
				763CA69628708F4200981861 /* Cera Pro Bold.ttf */,
			);
			path = Fonts;
			sourceTree = "<group>";
		};
		768463C8286DA6A9009423A8 /* Catagory */ = {
			isa = PBXGroup;
			children = (
				768463C4286D8FCF009423A8 /* FavoriteViewController.swift */,
				768463C6286D916D009423A8 /* FavoriteCollectionViewCell.swift */,
			);
			path = Catagory;
			sourceTree = "<group>";
		};
		768463C9286DA6C0009423A8 /* Home */ = {
			isa = PBXGroup;
			children = (
				B7D13279286B92C4000CCA59 /* ViewController.swift */,
				B7D13289286B9ADE000CCA59 /* TableviewCellController.swift */,
				768463C2286D8625009423A8 /* CollectionViewCell.swift */,
			);
			path = Home;
			sourceTree = "<group>";
		};
		768945042876248B0089066E /* Hadis */ = {
			isa = PBXGroup;
			children = (
				76894502287620F00089066E /* HadisViewController.swift */,
				76894507287629660089066E /* HadisTableViewCell.swift */,
				76894508287629660089066E /* HadisTableViewCell.xib */,
			);
			path = Hadis;
			sourceTree = "<group>";
		};
		A7A6FE5C64D861CFB35CBD18 /* Pods */ = {
			isa = PBXGroup;
			children = (
				D0FE18B951C7A979515AB1C2 /* Pods-IslamicWallpaper.debug.xcconfig */,
				685C53B8672125F617DA5BF9 /* Pods-IslamicWallpaper.release.xcconfig */,
			);
			path = Pods;
			sourceTree = "<group>";
		};
		B7D13269286B92C4000CCA59 = {
			isa = PBXGroup;
			children = (
				B7D13274286B92C4000CCA59 /* IslamicWallpaper */,
				B7D13273286B92C4000CCA59 /* Products */,
				A7A6FE5C64D861CFB35CBD18 /* Pods */,
				D6BCBFB7E7B279073E8481AF /* Frameworks */,
			);
			sourceTree = "<group>";
		};
		B7D13273286B92C4000CCA59 /* Products */ = {
			isa = PBXGroup;
			children = (
				B7D13272286B92C4000CCA59 /* IslamicWallpaper.app */,
			);
			name = Products;
			sourceTree = "<group>";
		};
		B7D13274286B92C4000CCA59 /* IslamicWallpaper */ = {
			isa = PBXGroup;
			children = (
				B7D13275286B92C4000CCA59 /* AppDelegate.swift */,
				B7D13277286B92C4000CCA59 /* SceneDelegate.swift */,
				76BCB9702872DDCF00A216D2 /* download.json */,
				76518791287782150098A1B2 /* like.json */,
				761AD3C92873089800136164 /* swipe.json */,
				763CA69A2870995E00981861 /* LanguageSelectionViewController.swift */,
				763CA69C28709EA500981861 /* LangTableViewCell.swift */,
				769D41012875CD1A00C3D2E8 /* KibleViewController.swift */,
				769D41052875D11700C3D2E8 /* LoadingViewController.swift */,
				768945042876248B0089066E /* Hadis */,
				B7D1328B286BB22E000CCA59 /* FullScreenViewController.swift */,
				763CA69528708E9E00981861 /* Fonts */,
				767523F7286E283900751BEB /* Extentions.swift */,
				763CA69E2870B0B600981861 /* LanguageHelper.swift */,
				768463CC286DC15E009423A8 /* SettingsViewController.swift */,
				768463CA286DC080009423A8 /* FavViewController.swift */,
				768463C9286DA6C0009423A8 /* Home */,
				768463C8286DA6A9009423A8 /* Catagory */,
				B7D1327B286B92C4000CCA59 /* Main.storyboard */,
				B7D1327E286B92C7000CCA59 /* Assets.xcassets */,
				B7D13280286B92C7000CCA59 /* LaunchScreen.storyboard */,
				B7D13283286B92C7000CCA59 /* Info.plist */,
			);
			path = IslamicWallpaper;
			sourceTree = "<group>";
		};
		D6BCBFB7E7B279073E8481AF /* Frameworks */ = {
			isa = PBXGroup;
			children = (
				2ACADB5496D324806BADAF56 /* Pods_IslamicWallpaper.framework */,
			);
			name = Frameworks;
			sourceTree = "<group>";
		};
/* End PBXGroup section */

/* Begin PBXNativeTarget section */
		B7D13271286B92C4000CCA59 /* IslamicWallpaper */ = {
			isa = PBXNativeTarget;
			buildConfigurationList = B7D13286286B92C7000CCA59 /* Build configuration list for PBXNativeTarget "IslamicWallpaper" */;
			buildPhases = (
				2C93ACA20507DCA4AF99C7FA /* [CP] Check Pods Manifest.lock */,
				B7D1326E286B92C4000CCA59 /* Sources */,
				B7D1326F286B92C4000CCA59 /* Frameworks */,
				B7D13270286B92C4000CCA59 /* Resources */,
				FBDC4D5A85065B4BF885EF3B /* [CP] Embed Pods Frameworks */,
			);
			buildRules = (
			);
			dependencies = (
			);
			name = IslamicWallpaper;
			productName = IslamicWallpaper;
			productReference = B7D13272286B92C4000CCA59 /* IslamicWallpaper.app */;
			productType = "com.apple.product-type.application";
		};
/* End PBXNativeTarget section */

/* Begin PBXProject section */
		B7D1326A286B92C4000CCA59 /* Project object */ = {
			isa = PBXProject;
			attributes = {
				BuildIndependentTargetsInParallel = 1;
				LastSwiftUpdateCheck = 1340;
				LastUpgradeCheck = 1340;
				TargetAttributes = {
					B7D13271286B92C4000CCA59 = {
						CreatedOnToolsVersion = 13.4.1;
					};
				};
			};
			buildConfigurationList = B7D1326D286B92C4000CCA59 /* Build configuration list for PBXProject "IslamicWallpaper" */;
			compatibilityVersion = "Xcode 13.0";
			developmentRegion = en;
			hasScannedForEncodings = 0;
			knownRegions = (
				en,
				Base,
			);
			mainGroup = B7D13269286B92C4000CCA59;
			productRefGroup = B7D13273286B92C4000CCA59 /* Products */;
			projectDirPath = "";
			projectRoot = "";
			targets = (
				B7D13271286B92C4000CCA59 /* IslamicWallpaper */,
			);
		};
/* End PBXProject section */

/* Begin PBXResourcesBuildPhase section */
		B7D13270286B92C4000CCA59 /* Resources */ = {
			isa = PBXResourcesBuildPhase;
			buildActionMask = 2147483647;
			files = (
				B7D13282286B92C7000CCA59 /* LaunchScreen.storyboard in Resources */,
				761AD3CA2873089800136164 /* swipe.json in Resources */,
				76BCB9712872DDCF00A216D2 /* download.json in Resources */,
				76518792287782150098A1B2 /* like.json in Resources */,
				7689450A287629660089066E /* HadisTableViewCell.xib in Resources */,
				B7D1327F286B92C7000CCA59 /* Assets.xcassets in Resources */,
				763CA69928708F5300981861 /* Cera Pro Medium.ttf in Resources */,
				763CA69728708F4200981861 /* Cera Pro Bold.ttf in Resources */,
				B7D1327D286B92C4000CCA59 /* Main.storyboard in Resources */,
			);
			runOnlyForDeploymentPostprocessing = 0;
		};
/* End PBXResourcesBuildPhase section */

/* Begin PBXShellScriptBuildPhase section */
		2C93ACA20507DCA4AF99C7FA /* [CP] Check Pods Manifest.lock */ = {
			isa = PBXShellScriptBuildPhase;
			buildActionMask = 2147483647;
			files = (
			);
			inputFileListPaths = (
			);
			inputPaths = (
				"${PODS_PODFILE_DIR_PATH}/Podfile.lock",
				"${PODS_ROOT}/Manifest.lock",
			);
			name = "[CP] Check Pods Manifest.lock";
			outputFileListPaths = (
			);
			outputPaths = (
				"$(DERIVED_FILE_DIR)/Pods-IslamicWallpaper-checkManifestLockResult.txt",
			);
			runOnlyForDeploymentPostprocessing = 0;
			shellPath = /bin/sh;
			shellScript = "diff \"${PODS_PODFILE_DIR_PATH}/Podfile.lock\" \"${PODS_ROOT}/Manifest.lock\" > /dev/null\nif [ $? != 0 ] ; then\n    # print error to STDERR\n    echo \"error: The sandbox is not in sync with the Podfile.lock. Run 'pod install' or update your CocoaPods installation.\" >&2\n    exit 1\nfi\n# This output is used by Xcode 'outputs' to avoid re-running this script phase.\necho \"SUCCESS\" > \"${SCRIPT_OUTPUT_FILE_0}\"\n";
			showEnvVarsInLog = 0;
		};
		FBDC4D5A85065B4BF885EF3B /* [CP] Embed Pods Frameworks */ = {
			isa = PBXShellScriptBuildPhase;
			buildActionMask = 2147483647;
			files = (
			);
			inputFileListPaths = (
				"${PODS_ROOT}/Target Support Files/Pods-IslamicWallpaper/Pods-IslamicWallpaper-frameworks-${CONFIGURATION}-input-files.xcfilelist",
			);
			name = "[CP] Embed Pods Frameworks";
			outputFileListPaths = (
				"${PODS_ROOT}/Target Support Files/Pods-IslamicWallpaper/Pods-IslamicWallpaper-frameworks-${CONFIGURATION}-output-files.xcfilelist",
			);
			runOnlyForDeploymentPostprocessing = 0;
			shellPath = /bin/sh;
			shellScript = "\"${PODS_ROOT}/Target Support Files/Pods-IslamicWallpaper/Pods-IslamicWallpaper-frameworks.sh\"\n";
			showEnvVarsInLog = 0;
		};
/* End PBXShellScriptBuildPhase section */

/* Begin PBXSourcesBuildPhase section */
		B7D1326E286B92C4000CCA59 /* Sources */ = {
			isa = PBXSourcesBuildPhase;
			buildActionMask = 2147483647;
			files = (
				B7D1328C286BB22E000CCA59 /* FullScreenViewController.swift in Sources */,
				76894503287620F00089066E /* HadisViewController.swift in Sources */,
				B7D1327A286B92C4000CCA59 /* ViewController.swift in Sources */,
				769D41062875D11700C3D2E8 /* LoadingViewController.swift in Sources */,
				768463C3286D8625009423A8 /* CollectionViewCell.swift in Sources */,
				763CA69D28709EA500981861 /* LangTableViewCell.swift in Sources */,
				767523F8286E283900751BEB /* Extentions.swift in Sources */,
				768463CD286DC15E009423A8 /* SettingsViewController.swift in Sources */,
				768463CB286DC080009423A8 /* FavViewController.swift in Sources */,
				763CA69F2870B0B600981861 /* LanguageHelper.swift in Sources */,
				768463C5286D8FCF009423A8 /* FavoriteViewController.swift in Sources */,
				763CA69B2870995E00981861 /* LanguageSelectionViewController.swift in Sources */,
				769D41022875CD1A00C3D2E8 /* KibleViewController.swift in Sources */,
				768463C7286D916D009423A8 /* FavoriteCollectionViewCell.swift in Sources */,
				B7D13276286B92C4000CCA59 /* AppDelegate.swift in Sources */,
				76894509287629660089066E /* HadisTableViewCell.swift in Sources */,
				B7D13278286B92C4000CCA59 /* SceneDelegate.swift in Sources */,
				B7D1328A286B9ADE000CCA59 /* TableviewCellController.swift in Sources */,
			);
			runOnlyForDeploymentPostprocessing = 0;
		};
/* End PBXSourcesBuildPhase section */

/* Begin PBXVariantGroup section */
		B7D1327B286B92C4000CCA59 /* Main.storyboard */ = {
			isa = PBXVariantGroup;
			children = (
				B7D1327C286B92C4000CCA59 /* Base */,
			);
			name = Main.storyboard;
			sourceTree = "<group>";
		};
		B7D13280286B92C7000CCA59 /* LaunchScreen.storyboard */ = {
			isa = PBXVariantGroup;
			children = (
				B7D13281286B92C7000CCA59 /* Base */,
			);
			name = LaunchScreen.storyboard;
			sourceTree = "<group>";
		};
/* End PBXVariantGroup section */

/* Begin XCBuildConfiguration section */
		B7D13284286B92C7000CCA59 /* Debug */ = {
			isa = XCBuildConfiguration;
			buildSettings = {
				ALWAYS_SEARCH_USER_PATHS = NO;
				CLANG_ANALYZER_NONNULL = YES;
				CLANG_ANALYZER_NUMBER_OBJECT_CONVERSION = YES_AGGRESSIVE;
				CLANG_CXX_LANGUAGE_STANDARD = "gnu++17";
				CLANG_ENABLE_MODULES = YES;
				CLANG_ENABLE_OBJC_ARC = YES;
				CLANG_ENABLE_OBJC_WEAK = YES;
				CLANG_WARN_BLOCK_CAPTURE_AUTORELEASING = YES;
				CLANG_WARN_BOOL_CONVERSION = YES;
				CLANG_WARN_COMMA = YES;
				CLANG_WARN_CONSTANT_CONVERSION = YES;
				CLANG_WARN_DEPRECATED_OBJC_IMPLEMENTATIONS = YES;
				CLANG_WARN_DIRECT_OBJC_ISA_USAGE = YES_ERROR;
				CLANG_WARN_DOCUMENTATION_COMMENTS = YES;
				CLANG_WARN_EMPTY_BODY = YES;
				CLANG_WARN_ENUM_CONVERSION = YES;
				CLANG_WARN_INFINITE_RECURSION = YES;
				CLANG_WARN_INT_CONVERSION = YES;
				CLANG_WARN_NON_LITERAL_NULL_CONVERSION = YES;
				CLANG_WARN_OBJC_IMPLICIT_RETAIN_SELF = YES;
				CLANG_WARN_OBJC_LITERAL_CONVERSION = YES;
				CLANG_WARN_OBJC_ROOT_CLASS = YES_ERROR;
				CLANG_WARN_QUOTED_INCLUDE_IN_FRAMEWORK_HEADER = YES;
				CLANG_WARN_RANGE_LOOP_ANALYSIS = YES;
				CLANG_WARN_STRICT_PROTOTYPES = YES;
				CLANG_WARN_SUSPICIOUS_MOVE = YES;
				CLANG_WARN_UNGUARDED_AVAILABILITY = YES_AGGRESSIVE;
				CLANG_WARN_UNREACHABLE_CODE = YES;
				CLANG_WARN__DUPLICATE_METHOD_MATCH = YES;
				COPY_PHASE_STRIP = NO;
				DEBUG_INFORMATION_FORMAT = dwarf;
				ENABLE_STRICT_OBJC_MSGSEND = YES;
				ENABLE_TESTABILITY = YES;
				GCC_C_LANGUAGE_STANDARD = gnu11;
				GCC_DYNAMIC_NO_PIC = NO;
				GCC_NO_COMMON_BLOCKS = YES;
				GCC_OPTIMIZATION_LEVEL = 0;
				GCC_PREPROCESSOR_DEFINITIONS = (
					"DEBUG=1",
					"$(inherited)",
				);
				GCC_WARN_64_TO_32_BIT_CONVERSION = YES;
				GCC_WARN_ABOUT_RETURN_TYPE = YES_ERROR;
				GCC_WARN_UNDECLARED_SELECTOR = YES;
				GCC_WARN_UNINITIALIZED_AUTOS = YES_AGGRESSIVE;
				GCC_WARN_UNUSED_FUNCTION = YES;
				GCC_WARN_UNUSED_VARIABLE = YES;
				IPHONEOS_DEPLOYMENT_TARGET = 15.5;
				MTL_ENABLE_DEBUG_INFO = INCLUDE_SOURCE;
				MTL_FAST_MATH = YES;
				ONLY_ACTIVE_ARCH = YES;
				SDKROOT = iphoneos;
				SWIFT_ACTIVE_COMPILATION_CONDITIONS = DEBUG;
				SWIFT_OPTIMIZATION_LEVEL = "-Onone";
			};
			name = Debug;
		};
		B7D13285286B92C7000CCA59 /* Release */ = {
			isa = XCBuildConfiguration;
			buildSettings = {
				ALWAYS_SEARCH_USER_PATHS = NO;
				CLANG_ANALYZER_NONNULL = YES;
				CLANG_ANALYZER_NUMBER_OBJECT_CONVERSION = YES_AGGRESSIVE;
				CLANG_CXX_LANGUAGE_STANDARD = "gnu++17";
				CLANG_ENABLE_MODULES = YES;
				CLANG_ENABLE_OBJC_ARC = YES;
				CLANG_ENABLE_OBJC_WEAK = YES;
				CLANG_WARN_BLOCK_CAPTURE_AUTORELEASING = YES;
				CLANG_WARN_BOOL_CONVERSION = YES;
				CLANG_WARN_COMMA = YES;
				CLANG_WARN_CONSTANT_CONVERSION = YES;
				CLANG_WARN_DEPRECATED_OBJC_IMPLEMENTATIONS = YES;
				CLANG_WARN_DIRECT_OBJC_ISA_USAGE = YES_ERROR;
				CLANG_WARN_DOCUMENTATION_COMMENTS = YES;
				CLANG_WARN_EMPTY_BODY = YES;
				CLANG_WARN_ENUM_CONVERSION = YES;
				CLANG_WARN_INFINITE_RECURSION = YES;
				CLANG_WARN_INT_CONVERSION = YES;
				CLANG_WARN_NON_LITERAL_NULL_CONVERSION = YES;
				CLANG_WARN_OBJC_IMPLICIT_RETAIN_SELF = YES;
				CLANG_WARN_OBJC_LITERAL_CONVERSION = YES;
				CLANG_WARN_OBJC_ROOT_CLASS = YES_ERROR;
				CLANG_WARN_QUOTED_INCLUDE_IN_FRAMEWORK_HEADER = YES;
				CLANG_WARN_RANGE_LOOP_ANALYSIS = YES;
				CLANG_WARN_STRICT_PROTOTYPES = YES;
				CLANG_WARN_SUSPICIOUS_MOVE = YES;
				CLANG_WARN_UNGUARDED_AVAILABILITY = YES_AGGRESSIVE;
				CLANG_WARN_UNREACHABLE_CODE = YES;
				CLANG_WARN__DUPLICATE_METHOD_MATCH = YES;
				COPY_PHASE_STRIP = NO;
				DEBUG_INFORMATION_FORMAT = "dwarf-with-dsym";
				ENABLE_NS_ASSERTIONS = NO;
				ENABLE_STRICT_OBJC_MSGSEND = YES;
				GCC_C_LANGUAGE_STANDARD = gnu11;
				GCC_NO_COMMON_BLOCKS = YES;
				GCC_WARN_64_TO_32_BIT_CONVERSION = YES;
				GCC_WARN_ABOUT_RETURN_TYPE = YES_ERROR;
				GCC_WARN_UNDECLARED_SELECTOR = YES;
				GCC_WARN_UNINITIALIZED_AUTOS = YES_AGGRESSIVE;
				GCC_WARN_UNUSED_FUNCTION = YES;
				GCC_WARN_UNUSED_VARIABLE = YES;
				IPHONEOS_DEPLOYMENT_TARGET = 15.5;
				MTL_ENABLE_DEBUG_INFO = NO;
				MTL_FAST_MATH = YES;
				SDKROOT = iphoneos;
				SWIFT_COMPILATION_MODE = wholemodule;
				SWIFT_OPTIMIZATION_LEVEL = "-O";
				VALIDATE_PRODUCT = YES;
			};
			name = Release;
		};
		B7D13287286B92C7000CCA59 /* Debug */ = {
			isa = XCBuildConfiguration;
			baseConfigurationReference = D0FE18B951C7A979515AB1C2 /* Pods-IslamicWallpaper.debug.xcconfig */;
			buildSettings = {
				ASSETCATALOG_COMPILER_APPICON_NAME = AppIcon;
				ASSETCATALOG_COMPILER_GLOBAL_ACCENT_COLOR_NAME = AccentColor;
				CODE_SIGN_STYLE = Automatic;
				CURRENT_PROJECT_VERSION = 1;
				DEVELOPMENT_TEAM = CDLRAYVNZ9;
				GENERATE_INFOPLIST_FILE = YES;
				INFOPLIST_FILE = IslamicWallpaper/Info.plist;
				INFOPLIST_KEY_CFBundleDisplayName = "Islamic HD";
				INFOPLIST_KEY_NSPhotoLibraryUsageDescription = "";
				INFOPLIST_KEY_UIApplicationSupportsIndirectInputEvents = YES;
				INFOPLIST_KEY_UILaunchStoryboardName = LaunchScreen;
				INFOPLIST_KEY_UIMainStoryboardFile = Main;
				INFOPLIST_KEY_UISupportedInterfaceOrientations_iPad = "UIInterfaceOrientationPortrait UIInterfaceOrientationPortraitUpsideDown UIInterfaceOrientationLandscapeLeft UIInterfaceOrientationLandscapeRight";
				INFOPLIST_KEY_UISupportedInterfaceOrientations_iPhone = "UIInterfaceOrientationPortrait UIInterfaceOrientationLandscapeLeft UIInterfaceOrientationLandscapeRight";
				LD_RUNPATH_SEARCH_PATHS = (
					"$(inherited)",
					"@executable_path/Frameworks",
				);
				MARKETING_VERSION = 1.0;
				PRODUCT_BUNDLE_IDENTIFIER = "com.SIX11.islamic-wallpaper";
				PRODUCT_NAME = "$(TARGET_NAME)";
				SWIFT_EMIT_LOC_STRINGS = YES;
				SWIFT_VERSION = 5.0;
				TARGETED_DEVICE_FAMILY = 1;
			};
			name = Debug;
		};
		B7D13288286B92C7000CCA59 /* Release */ = {
			isa = XCBuildConfiguration;
			baseConfigurationReference = 685C53B8672125F617DA5BF9 /* Pods-IslamicWallpaper.release.xcconfig */;
			buildSettings = {
				ASSETCATALOG_COMPILER_APPICON_NAME = AppIcon;
				ASSETCATALOG_COMPILER_GLOBAL_ACCENT_COLOR_NAME = AccentColor;
				CODE_SIGN_STYLE = Automatic;
				CURRENT_PROJECT_VERSION = 1;
				DEVELOPMENT_TEAM = CDLRAYVNZ9;
				GENERATE_INFOPLIST_FILE = YES;
				INFOPLIST_FILE = IslamicWallpaper/Info.plist;
				INFOPLIST_KEY_CFBundleDisplayName = "Islamic HD";
				INFOPLIST_KEY_NSPhotoLibraryUsageDescription = "";
				INFOPLIST_KEY_UIApplicationSupportsIndirectInputEvents = YES;
				INFOPLIST_KEY_UILaunchStoryboardName = LaunchScreen;
				INFOPLIST_KEY_UIMainStoryboardFile = Main;
				INFOPLIST_KEY_UISupportedInterfaceOrientations_iPad = "UIInterfaceOrientationPortrait UIInterfaceOrientationPortraitUpsideDown UIInterfaceOrientationLandscapeLeft UIInterfaceOrientationLandscapeRight";
				INFOPLIST_KEY_UISupportedInterfaceOrientations_iPhone = "UIInterfaceOrientationPortrait UIInterfaceOrientationLandscapeLeft UIInterfaceOrientationLandscapeRight";
				LD_RUNPATH_SEARCH_PATHS = (
					"$(inherited)",
					"@executable_path/Frameworks",
				);
				MARKETING_VERSION = 1.0;
				PRODUCT_BUNDLE_IDENTIFIER = "com.SIX11.islamic-wallpaper";
				PRODUCT_NAME = "$(TARGET_NAME)";
				SWIFT_EMIT_LOC_STRINGS = YES;
				SWIFT_VERSION = 5.0;
				TARGETED_DEVICE_FAMILY = 1;
			};
			name = Release;
		};
/* End XCBuildConfiguration section */

/* Begin XCConfigurationList section */
		B7D1326D286B92C4000CCA59 /* Build configuration list for PBXProject "IslamicWallpaper" */ = {
			isa = XCConfigurationList;
			buildConfigurations = (
				B7D13284286B92C7000CCA59 /* Debug */,
				B7D13285286B92C7000CCA59 /* Release */,
			);
			defaultConfigurationIsVisible = 0;
			defaultConfigurationName = Release;
		};
		B7D13286286B92C7000CCA59 /* Build configuration list for PBXNativeTarget "IslamicWallpaper" */ = {
			isa = XCConfigurationList;
			buildConfigurations = (
				B7D13287286B92C7000CCA59 /* Debug */,
				B7D13288286B92C7000CCA59 /* Release */,
			);
			defaultConfigurationIsVisible = 0;
			defaultConfigurationName = Release;
		};
/* End XCConfigurationList section */
	};
	rootObject = B7D1326A286B92C4000CCA59 /* Project object */;
}
